<?xml version="1.0" encoding="UTF-8" standalone="yes" ?>
<CodeBlocks_project_file>
	<FileVersion major="1" minor="6" />
	<Project>
		<Option title="CarWorkShop" />
		<Option pch_mode="2" />
		<Option compiler="gcc" />
		<Build>
			<Target title="Debug">
				<Option output="bin/Debug/CarWorkShop" prefix_auto="1" extension_auto="1" />
				<Option object_output="obj/Debug/" />
				<Option type="1" />
				<Option compiler="gcc" />
				<Compiler>
					<Add option="-g" />
					<Add directory="include" />
				</Compiler>
			</Target>
			<Target title="Release">
				<Option output="bin/Release/CarWorkShop" prefix_auto="1" extension_auto="1" />
				<Option object_output="obj/Release/" />
				<Option type="1" />
				<Option compiler="gcc" />
				<Compiler>
					<Add option="-O2" />
					<Add directory="include" />
				</Compiler>
				<Linker>
					<Add option="-s" />
				</Linker>
			</Target>
		</Build>
		<Compiler>
			<Add option="-Wall" />
		</Compiler>
		<Unit filename="include/ArrivalEvent.h" />
		<Unit filename="include/Car.h" />
		<Unit filename="include/CarWorkshop.h" />
		<Unit filename="include/Counter.h" />
		<Unit filename="include/DepartureEvent.h" />
		<Unit filename="include/EvaluationEvent.h" />
		<Unit filename="include/Event.h" />
		<Unit filename="include/RefillEvent.h" />
		<Unit filename="include/Scheduler.h" />
		<Unit filename="include/SubCounter.h" />
		<Unit filename="include/TerminationEvent.h" />
		<Unit filename="main.cpp" />
		<Unit filename="src/ArrivalEvent.cpp" />
		<Unit filename="src/Car.cpp" />
		<Unit filename="src/CarWorkshop.cpp" />
		<Unit filename="src/Counter.cpp" />
		<Unit filename="src/DepartureEvent.cpp" />
		<Unit filename="src/EvaluationEvent.cpp" />
		<Unit filename="src/Event.cpp" />
		<Unit filename="src/RefillEvent.cpp" />
		<Unit filename="src/Scheduler.cpp" />
		<Unit filename="src/SubCounter.cpp" />
		<Unit filename="src/TerminationEvent.cpp" />
		<Extensions>
			<lib_finder disable_auto="1" />
		</Extensions>
	</Project>
</CodeBlocks_project_file>
